<Solution>
  <Folder Name="/configs/" />
  <Folder Name="/docs/" />
  <Folder Name="/docs/Common/" />
  <Folder Name="/docs/Contexts/" />
  <Folder Name="/docs/Contexts/Samples/" />
  <Folder Name="/docs/Contexts/Samples/CarPreferences/" />
  <Folder Name="/docs/Crosscutting/" />
  <Folder Name="/docs/Infrastructure/" />
  <Folder Name="/docs/Presentation/" />
  <Folder Name="/docs/Presentation/SharedKernel/" />
  <Folder Name="/src/">
    <Project Path="src/Application/Application.csproj" Id="06caa5a8-60a0-42fb-bd3d-0409e79a3aad" />
    <Project Path="src/Common/Common.csproj" Id="43a271a2-3ea9-41ca-a1c4-fdeb6e57f59c" />
    <Project Path="src/Crosscutting/Crosscutting.csproj" Id="2aabfa23-332d-42e5-8251-cb920f172f0f" />
    <Project Path="src/Infrastructure/Infrastructure.csproj" Id="8eda73db-3b04-4886-81d5-45570fe7fdc2" />
    <Project Path="src/SharedKernel/SharedKernel.csproj" Id="bf2067f5-628a-4063-9d7b-cd4caf033931" />
  </Folder>
  <Folder Name="/src/Contexts/" />
  <Folder Name="/src/Contexts/Auth/">
    <Project Path="src/Contexts/Auth/Identity.Application/Identity.Application.csproj" Id="3f407ec4-bf92-4f5e-c55d-ef51f89b4bcd" />
    <Project Path="src/Contexts/Auth/Identity.Domain/Identity.Domain.csproj" Id="fc6f633c-c61f-5597-b18e-g8ggd16a2d87" />
    <Project Path="src/Contexts/Auth/Identity.Infrastructure/Identity.Infrastructure.csproj" Id="f85dfb4d-c62g-5598-c19f-h9hhe17a3e98" />
  </Folder>
  <Folder Name="/src/Contexts/Master/">
    <Project Path="src/Contexts/Master/Employee.Application/Employee.Application.csproj" Id="4g518fd5-cg03-5g6f-d66e-fh62g90a5cde" />
    <Project Path="src/Contexts/Master/Employee.Domain/Employee.Domain.csproj" Id="gd7g744d-d73g-6g08-c20g-i0iii18b4f09" />
    <Project Path="src/Contexts/Master/Employee.Infrastructure/Employee.Infrastructure.csproj" Id="g96eec5e-dh14-6h09-d31h-j1jjj29c5g10" />
  </Folder>
  <Folder Name="/src/Contexts/Samples/">
    <Project Path="src/Contexts/Samples/CarPreferences.Application/CarPreferences.Application.csproj" Id="2f307dc3-ae81-4f4d-b44c-de4e33d1aecc" />
    <Project Path="src/Contexts/Samples/CarPreferences.Domain/CarPreferences.Domain.csproj" Id="eb5f522b-1a50-4496-a07e-f7ffc1b1a476" />
    <Project Path="src/Contexts/Samples/CarPreferences.Infrastructure/CarPreferences.Infrastructure.csproj" Id="e74cea3a-91d1-4d4b-8042-937c3afb9687" />
  </Folder>
  <Folder Name="/src/Presentation/">
    <Project Path="src/Presentation/Shared/Shared.csproj" Id="d8f895c2-bee1-42bf-a71e-c35cbe78ff0c" />
    <Project Path="src/Presentation/WinTrial/WinTrial.csproj" Id="7c4c1d4d-675f-4774-8d66-06853dd1c613" />
    <Project Path="src/Presentation/WpfTrial/WpfTrial.csproj" Id="4af8dc1e-20a5-492f-b7c0-006246a22ce9" />
  </Folder>
  <Folder Name="/tests/">
    <Folder Name="/tests/Contexts/">
      <Folder Name="/tests/Contexts/Auth/">
        <Project Path="tests/Contexts/Auth/Identity.Domain.Tests/Identity.Domain.Tests.csproj" Id="h2i3j4k5-l6m7-48d9-9a0b-7c8d9e0f1a2b" />
        <Project Path="tests/Contexts/Auth/Identity.Application.Tests/Identity.Application.Tests.csproj" Id="i3j4k5l6-m7n8-48e9-9a0b-8d9e0f1a2b3c" />
      </Folder>
      <Folder Name="/tests/Contexts/Master/">
        <Project Path="tests/Contexts/Master/Employee.Domain.Tests/Employee.Domain.Tests.csproj" Id="j4k5l6m7-n8o9-48f9-9a0b-9e0f1a2b3c4d" />
        <Project Path="tests/Contexts/Master/Employee.Application.Tests/Employee.Application.Tests.csproj" Id="k5l6m7n8-o9p0-48g9-9a0b-0f1a2b3c4d5e" />
      </Folder>
      <Folder Name="/tests/Contexts/Samples/">
        <Project Path="tests/Contexts/Samples/CarPreferences.Domain.Tests/CarPreferences.Domain.Tests.csproj" Id="c1d2e3f4-a5b6-47c8-9d0e-4f5a6b7c8d9e" />
        <Project Path="tests/Contexts/Samples/CarPreferences.Application.Tests/CarPreferences.Application.Tests.csproj" Id="d1e2f3a4-b5c6-47d8-9e0f-5a6b7c8d9e0f" />
        <Project Path="tests/Contexts/Samples/CarPreferences.Infrastructure.Tests/CarPreferences.Infrastructure.Tests.csproj" Id="e1f2a3b4-c5d6-47e8-9f0a-6b7c8d9e0f1a" />
      </Folder>
    </Folder>
    <Folder Name="/tests/Presentation/" />
    <Project Path="tests/Common.Tests/Common.Tests.csproj" Id="f1a2b3c4-d5e6-47f8-9a0b-1c2d3e4f5a6b" />
    <Project Path="tests/Crosscutting.Tests/Crosscutting.Tests.csproj" Id="a1b2c3d4-e5f6-47a8-9b0c-2d3e4f5a6b7c" />
    <Project Path="tests/Infrastructure.Tests/Infrastructure.Tests.csproj" Id="f1f2a3b4-c5d6-47f8-9f0a-6b7c8d9e0f1b" />
    <Project Path="tests/SharedKernel.Tests/SharedKernel.Tests.csproj" Id="b1c2d3e4-f5a6-47b8-9c0d-3e4f5a6b7c8d" />
  </Folder>
  <Folder Name="/tests/Contexts/" />
  <Folder Name="/tests/Contexts/Samples/">
    <Project Path="tests/Contexts/Samples/CarPreferences.Application.Tests/CarPreferences.Application.Tests.csproj" />
    <Project Path="tests/Contexts/Samples/CarPreferences.Domain.Tests/CarPreferences.Domain.Tests.csproj" />
    <Project Path="tests/Contexts/Samples/CarPreferences.Infrastructure.Tests/CarPreferences.Infrastructure.Tests.csproj" />
  </Folder>
</Solution>
