<Solution>
  <Folder Name="/congigs/" />
  <Folder Name="/docs/" />
  <Folder Name="/src/" />
  <Folder Name="/src/Common/" />
  <Folder Name="/src/Contexts/" />
  <Folder Name="/src/Contexts/Samples/" />
  <Folder Name="/src/Contexts/Samples/CarPreferences/">
    <Project Path="src/Contexts/Samples/CarPreferences/SupportAdvance.Contexts.Samples.CarPreference.Application/SupportAdvance.Contexts.Samples.CarPreference.Application.csproj" Id="7cc6612a-f8c9-48b1-99f3-04605047148a" />
    <Project Path="src/Contexts/Samples/CarPreferences/SupportAdvance.Contexts.Samples.CarPreference.Domain/SupportAdvance.Contexts.Samples.CarPreference.Domain.csproj" Id="fce83603-ca16-4e85-beee-8ea1b3ac6855" />
    <Project Path="src/Contexts/Samples/CarPreferences/SupportAdvance.Contexts.Samples.CarPreference.Infrastructure/SupportAdvance.Contexts.Samples.CarPreference.Infrastructure.csproj" Id="1acae213-3fbb-4781-9b67-2d25eb26c170" />
  </Folder>
  <Folder Name="/src/Crosscutting/" />
  <Folder Name="/src/Presentation/" />
  <Folder Name="/src/SharedKernel/">
    <Project Path="SupportAdvance.ShaedKernel.Domain/SupportAdvance.ShaedKernel.Domain.csproj" Id="19175723-33b9-4a78-bc42-1b772bd0e66e" />
  </Folder>
  <Folder Name="/tests/" />
  <Folder Name="/tests/Common/" />
  <Folder Name="/tests/Contexts/" />
  <Folder Name="/tests/Contexts/Samples/" />
  <Folder Name="/tests/Contexts/Samples/CarPreferences/" />
  <Folder Name="/tests/Crosscutting/" />
  <Folder Name="/tests/Presentation/" />
  <Folder Name="/tests/SharedKernel/" />
  <Folder Name="/tests/SharedKernel/Entities/" />
  <Folder Name="/tests/SharedKernel/Enums/" />
  <Folder Name="/tests/SharedKernel/ValueObjects/" />
</Solution>
